
Microsoft Visual Studio Solution File, Format Version 12.00
# Visual Studio Version 16
VisualStudioVersion = 16.0.30523.141
MinimumVisualStudioVersion = 10.0.40219.1
Project("{FAE04EC0-301F-11D3-BF4B-00C04F79EFBC}") = "DetectionTest", "DetectionTest\DetectionTest.csproj", "{DCAD9042-71A3-4E52-B283-239057A7035A}"
EndProject
Global
	GlobalSection(SolutionConfigurationPlatforms) = preSolution
		Debug|Any CPU = Debug|Any CPU
		Release|Any CPU = Release|Any CPU
	EndGlobalSection
	GlobalSection(ProjectConfigurationPlatforms) = postSolution
		{DCAD9042-71A3-4E52-B283-239057A7035A}.Debug|Any CPU.ActiveCfg = Debug|Any CPU
		{DCAD9042-71A3-4E52-B283-239057A7035A}.Debug|Any CPU.Build.0 = Debug|Any CPU
		{DCAD9042-71A3-4E52-B283-239057A7035A}.Release|Any CPU.ActiveCfg = Release|Any CPU
		{DCAD9042-71A3-4E52-B283-239057A7035A}.Release|Any CPU.Build.0 = Release|Any CPU
	EndGlobalSection
	GlobalSection(SolutionProperties) = preSolution
		HideSolutionNode = FALSE
	EndGlobalSection
	GlobalSection(ExtensibilityGlobals) = postSolution
		SolutionGuid = {B3743011-4691-4101-AC73-A15F60541531}
	EndGlobalSection
EndGlobal
